
Microsoft Visual Studio Solution File, Format Version 12.00
# Visual Studio Version 17
VisualStudioVersion = 17.5.002.0
MinimumVisualStudioVersion = 10.0.40219.1
Project("{9A19103F-16F7-4668-BE54-9A1E7A4F7556}") = "livekit-server-sdk-dotnet", "livekit-server-sdk-dotnet.csproj", "{1888650E-BF75-45A5-BD21-1F2EC0760BE6}"
EndProject
Global
	GlobalSection(SolutionConfigurationPlatforms) = preSolution
		Debug|Any CPU = Debug|Any CPU
		Release|Any CPU = Release|Any CPU
	EndGlobalSection
	GlobalSection(ProjectConfigurationPlatforms) = postSolution
		{1888650E-BF75-45A5-BD21-1F2EC0760BE6}.Debug|Any CPU.ActiveCfg = Debug|Any CPU
		{1888650E-BF75-45A5-BD21-1F2EC0760BE6}.Debug|Any CPU.Build.0 = Debug|Any CPU
		{1888650E-BF75-45A5-BD21-1F2EC0760BE6}.Release|Any CPU.ActiveCfg = Release|Any CPU
		{1888650E-BF75-45A5-BD21-1F2EC0760BE6}.Release|Any CPU.Build.0 = Release|Any CPU
	EndGlobalSection
	GlobalSection(SolutionProperties) = preSolution
		HideSolutionNode = FALSE
	EndGlobalSection
	GlobalSection(ExtensibilityGlobals) = postSolution
		SolutionGuid = {2456CF35-8217-497A-BFEA-A774EE6BDB7B}
	EndGlobalSection
EndGlobal
