
Microsoft Visual Studio Solution File, Format Version 12.00
# Visual Studio Version 17
VisualStudioVersion = 17.0.31903.59
MinimumVisualStudioVersion = 10.0.40219.1
Project("{FAE04EC0-301F-11D3-BF4B-00C04F79EFBC}") = "LivekitApi", "LivekitApi\LivekitApi.csproj", "{EE96157F-B8FB-43E0-9FE7-0CD3ABC32C6D}"
EndProject
Project("{FAE04EC0-301F-11D3-BF4B-00C04F79EFBC}") = "LivekitApi.Tests", "LivekitApi.Tests\LivekitApi.Tests.csproj", "{C253BB65-A42B-4198-B8E1-EA14BF585944}"
EndProject
Global
	GlobalSection(SolutionConfigurationPlatforms) = preSolution
		Debug|Any CPU = Debug|Any CPU
		Release|Any CPU = Release|Any CPU
	EndGlobalSection
	GlobalSection(SolutionProperties) = preSolution
		HideSolutionNode = FALSE
	EndGlobalSection
	GlobalSection(ProjectConfigurationPlatforms) = postSolution
		{EE96157F-B8FB-43E0-9FE7-0CD3ABC32C6D}.Debug|Any CPU.ActiveCfg = Debug|Any CPU
		{EE96157F-B8FB-43E0-9FE7-0CD3ABC32C6D}.Debug|Any CPU.Build.0 = Debug|Any CPU
		{EE96157F-B8FB-43E0-9FE7-0CD3ABC32C6D}.Release|Any CPU.ActiveCfg = Release|Any CPU
		{EE96157F-B8FB-43E0-9FE7-0CD3ABC32C6D}.Release|Any CPU.Build.0 = Release|Any CPU
		{C253BB65-A42B-4198-B8E1-EA14BF585944}.Debug|Any CPU.ActiveCfg = Debug|Any CPU
		{C253BB65-A42B-4198-B8E1-EA14BF585944}.Debug|Any CPU.Build.0 = Debug|Any CPU
		{C253BB65-A42B-4198-B8E1-EA14BF585944}.Release|Any CPU.ActiveCfg = Release|Any CPU
		{C253BB65-A42B-4198-B8E1-EA14BF585944}.Release|Any CPU.Build.0 = Release|Any CPU
	EndGlobalSection
EndGlobal
