Microsoft Visual Studio Solution File, Format Version 12.00
# Visual Studio Version 17
VisualStudioVersion = 17.5.2.0
MinimumVisualStudioVersion = 10.0.40219.1
Project("{FAE04EC0-301F-11D3-BF4B-00C04F79EFBC}") = "LivekitApi", "LivekitApi.csproj", "{1C671E7B-50EF-7619-2C17-6F655FF31FBA}"
EndProject
Global
	GlobalSection(SolutionConfigurationPlatforms) = preSolution
		Debug|Any CPU = Debug|Any CPU
		Release|Any CPU = Release|Any CPU
	EndGlobalSection
	GlobalSection(ProjectConfigurationPlatforms) = postSolution
		{1C671E7B-50EF-7619-2C17-6F655FF31FBA}.Debug|Any CPU.ActiveCfg = Debug|Any CPU
		{1C671E7B-50EF-7619-2C17-6F655FF31FBA}.Debug|Any CPU.Build.0 = Debug|Any CPU
		{1C671E7B-50EF-7619-2C17-6F655FF31FBA}.Release|Any CPU.ActiveCfg = Release|Any CPU
		{1C671E7B-50EF-7619-2C17-6F655FF31FBA}.Release|Any CPU.Build.0 = Release|Any CPU
	EndGlobalSection
	GlobalSection(SolutionProperties) = preSolution
		HideSolutionNode = FALSE
	EndGlobalSection
	GlobalSection(ExtensibilityGlobals) = postSolution
		SolutionGuid = {15342CB6-F736-4631-8723-58B71E42FA48}
	EndGlobalSection
EndGlobal
